Microsoft Visual Studio Solution File, Format Version 12.00
# Visual Studio Version 17
VisualStudioVersion = 17.5.2.0
MinimumVisualStudioVersion = 10.0.40219.1
Project("{FAE04EC0-301F-11D3-BF4B-00C04F79EFBC}") = "TotemPWA", "TotemPWA.csproj", "{AFDA75ED-8AA7-74ED-18D9-3F3E9D7DC413}"
EndProject
Global
	GlobalSection(SolutionConfigurationPlatforms) = preSolution
		Debug|Any CPU = Debug|Any CPU
		Release|Any CPU = Release|Any CPU
	EndGlobalSection
	GlobalSection(ProjectConfigurationPlatforms) = postSolution
		{AFDA75ED-8AA7-74ED-18D9-3F3E9D7DC413}.Debug|Any CPU.ActiveCfg = Debug|Any CPU
		{AFDA75ED-8AA7-74ED-18D9-3F3E9D7DC413}.Debug|Any CPU.Build.0 = Debug|Any CPU
		{AFDA75ED-8AA7-74ED-18D9-3F3E9D7DC413}.Release|Any CPU.ActiveCfg = Release|Any CPU
		{AFDA75ED-8AA7-74ED-18D9-3F3E9D7DC413}.Release|Any CPU.Build.0 = Release|Any CPU
	EndGlobalSection
	GlobalSection(SolutionProperties) = preSolution
		HideSolutionNode = FALSE
	EndGlobalSection
	GlobalSection(ExtensibilityGlobals) = postSolution
<<<<<<< HEAD
		SolutionGuid = {8B592872-4A37-4B70-92A0-AE6D5ACF202E}
=======
		SolutionGuid = {005797FE-C5D2-4509-8058-438A267E3180}
>>>>>>> 3f52a6af266508529ed166e972e1fc3b5504df34
	EndGlobalSection
EndGlobal
